PODS:
  - lottie-ios (2.5.3)
  - ZDUIComponent (0.1.0):
    - lottie-ios (= 2.5.3)
    - ZDUIComponent/base-view (= 0.1.0)
    - ZDUIComponent/base-viewcontroller (= 0.1.0)
    - ZDUIComponent/common-view (= 0.1.0)
    - ZDUtilComponent
  - ZDUIComponent/base-view (0.1.0):
    - lottie-ios (= 2.5.3)
    - ZDUtilComponent
  - ZDUIComponent/base-viewcontroller (0.1.0):
    - lottie-ios (= 2.5.3)
    - ZDUIComponent/common-view
    - ZDUtilComponent
  - ZDUIComponent/common-view (0.1.0):
    - lottie-ios (= 2.5.3)
    - ZDUtilComponent
  - ZDUtilComponent (1.0.7):
    - ZDUtilComponent/Categories (= 1.0.7)
    - ZDUtilComponent/Helpers (= 1.0.7)
  - ZDUtilComponent/Categories (1.0.7)
  - ZDUtilComponent/Helpers (1.0.7)

DEPENDENCIES:
  - ZDUIComponent (from `../`)

SPEC REPOS:
  https://github.com/shopping1985/ZDSpec.git:
    - ZDUtilComponent
  trunk:
    - lottie-ios

EXTERNAL SOURCES:
  ZDUIComponent:
    :path: "../"

SPEC CHECKSUMS:
  lottie-ios: a50d5c0160425cd4b01b852bb9578963e6d92d31
  ZDUIComponent: cb67bf1b81d76a4690053705196b95edc134a024
  ZDUtilComponent: f1cd1d91862469754ce417256e172bed4bae26bf

PODFILE CHECKSUM: 51ea055aa6a0272345a322f181f37b47d358171c

COCOAPODS: 1.9.1
